/lustre/BIF/nobackup/passa006/data/viral_db
/lustre/BIF/nobackup/passa006/data/results/chr3.fasta_blastx_out
/lustre/BIF/nobackup/passa006/data/results/chr25.fasta_blastx_out
/lustre/BIF/nobackup/passa006/data/results/chr9.fasta_blastx_out
/lustre/BIF/nobackup/passa006/data/results/chr10.fasta_blastx_out
/lustre/BIF/nobackup/passa006/data/results/SPEXI_scaffold_000004.fasta_blastx_out
/lustre/BIF/nobackup/passa006/data/results/chr4.fasta_blastx_out
/lustre/BIF/nobackup/passa006/data/results/chr29.fasta_blastx_out
/lustre/BIF/nobackup/passa006/data/results/SPEXI_scaffold_000003.fasta_blastx_out
/lustre/BIF/nobackup/passa006/data/results/chr18.fasta_blastx_out
/lustre/BIF/nobackup/passa006/data/results/chr21.fasta_blastx_out
/lustre/BIF/nobackup/passa006/data/results/SPEXI_scaffold_000002.fasta_blastx_out
/lustre/BIF/nobackup/passa006/data/results/chr6.fasta_blastx_out
/lustre/BIF/nobackup/passa006/data/results/chr2.fasta_blastx_out
/lustre/BIF/nobackup/passa006/data/results/chr16.fasta_blastx_out
/lustre/BIF/nobackup/passa006/data/results/SPEXI_scaffold_000001.fasta_blastx_out
/lustre/BIF/nobackup/passa006/data/results/chr26.fasta_blastx_out
/lustre/BIF/nobackup/passa006/data/results/chr14.fasta_blastx_out
/lustre/BIF/nobackup/passa006/data/results/chr19.fasta_blastx_out
/lustre/BIF/nobackup/passa006/data/results/chr23.fasta_blastx_out
/lustre/BIF/nobackup/passa006/data/results/chr5.fasta_blastx_out
/lustre/BIF/nobackup/passa006/data/results/chr13.fasta_blastx_out
/lustre/BIF/nobackup/passa006/data/results/chrZ.fasta_blastx_out
/lustre/BIF/nobackup/passa006/data/results/chr22.fasta_blastx_out
/lustre/BIF/nobackup/passa006/data/results/chr30.fasta_blastx_out
/lustre/BIF/nobackup/passa006/data/results/chr1.fasta_blastx_out
/lustre/BIF/nobackup/passa006/data/results/chr8.fasta_blastx_out
/lustre/BIF/nobackup/passa006/data/results/chr12.fasta_blastx_out
/lustre/BIF/nobackup/passa006/data/results/chr7.fasta_blastx_out
/lustre/BIF/nobackup/passa006/data/results/chr28.fasta_blastx_out
/lustre/BIF/nobackup/passa006/data/results/chr11.fasta_blastx_out
/lustre/BIF/nobackup/passa006/data/results/chr27.fasta_blastx_out
/lustre/BIF/nobackup/passa006/data/results/chr24.fasta_blastx_out
/lustre/BIF/nobackup/passa006/data/results/chr17.fasta_blastx_out
/lustre/BIF/nobackup/passa006/data/results/chr20.fasta_blastx_out
/lustre/BIF/nobackup/passa006/data/results/chr15.fasta_blastx_out
/lustre/BIF/nobackup/passa006/data/U-RVDBv25.0-prot.fasta
/lustre/BIF/nobackup/passa006/data/split_ref/chr3.fasta
/lustre/BIF/nobackup/passa006/data/viral_db
/lustre/BIF/nobackup/passa006/data/viral_db/U-RVDBv25.0-prot.fasta
/lustre/BIF/nobackup/passa006/data/split_ref/chr25.fasta
/lustre/BIF/nobackup/passa006/data/viral_db
/lustre/BIF/nobackup/passa006/data/viral_db/U-RVDBv25.0-prot.fasta
/lustre/BIF/nobackup/passa006/data/split_ref/chr9.fasta
/lustre/BIF/nobackup/passa006/data/viral_db
/lustre/BIF/nobackup/passa006/data/viral_db/U-RVDBv25.0-prot.fasta
/lustre/BIF/nobackup/passa006/data/split_ref/chr10.fasta
/lustre/BIF/nobackup/passa006/data/viral_db
/lustre/BIF/nobackup/passa006/data/viral_db/U-RVDBv25.0-prot.fasta
/lustre/BIF/nobackup/passa006/data/split_ref/SPEXI_scaffold_000004.fasta
/lustre/BIF/nobackup/passa006/data/viral_db
/lustre/BIF/nobackup/passa006/data/viral_db/U-RVDBv25.0-prot.fasta
/lustre/BIF/nobackup/passa006/data/split_ref/chr4.fasta
/lustre/BIF/nobackup/passa006/data/viral_db
/lustre/BIF/nobackup/passa006/data/viral_db/U-RVDBv25.0-prot.fasta
/lustre/BIF/nobackup/passa006/data/split_ref/chr29.fasta
/lustre/BIF/nobackup/passa006/data/viral_db
/lustre/BIF/nobackup/passa006/data/viral_db/U-RVDBv25.0-prot.fasta
/lustre/BIF/nobackup/passa006/data/split_ref/SPEXI_scaffold_000003.fasta
/lustre/BIF/nobackup/passa006/data/viral_db
/lustre/BIF/nobackup/passa006/data/viral_db/U-RVDBv25.0-prot.fasta
/lustre/BIF/nobackup/passa006/data/split_ref/chr18.fasta
/lustre/BIF/nobackup/passa006/data/viral_db
/lustre/BIF/nobackup/passa006/data/viral_db/U-RVDBv25.0-prot.fasta
/lustre/BIF/nobackup/passa006/data/split_ref/chr21.fasta
/lustre/BIF/nobackup/passa006/data/viral_db
/lustre/BIF/nobackup/passa006/data/viral_db/U-RVDBv25.0-prot.fasta
/lustre/BIF/nobackup/passa006/data/split_ref/SPEXI_scaffold_000002.fasta
/lustre/BIF/nobackup/passa006/data/viral_db
/lustre/BIF/nobackup/passa006/data/viral_db/U-RVDBv25.0-prot.fasta
/lustre/BIF/nobackup/passa006/data/split_ref/chr6.fasta
/lustre/BIF/nobackup/passa006/data/viral_db
/lustre/BIF/nobackup/passa006/data/viral_db/U-RVDBv25.0-prot.fasta
/lustre/BIF/nobackup/passa006/data/split_ref/chr2.fasta
/lustre/BIF/nobackup/passa006/data/viral_db
/lustre/BIF/nobackup/passa006/data/viral_db/U-RVDBv25.0-prot.fasta
/lustre/BIF/nobackup/passa006/data/split_ref/chr16.fasta
/lustre/BIF/nobackup/passa006/data/viral_db
/lustre/BIF/nobackup/passa006/data/viral_db/U-RVDBv25.0-prot.fasta
/lustre/BIF/nobackup/passa006/data/split_ref/SPEXI_scaffold_000001.fasta
/lustre/BIF/nobackup/passa006/data/viral_db
/lustre/BIF/nobackup/passa006/data/viral_db/U-RVDBv25.0-prot.fasta
/lustre/BIF/nobackup/passa006/data/split_ref/chr26.fasta
/lustre/BIF/nobackup/passa006/data/viral_db
/lustre/BIF/nobackup/passa006/data/viral_db/U-RVDBv25.0-prot.fasta
/lustre/BIF/nobackup/passa006/data/split_ref/chr14.fasta
/lustre/BIF/nobackup/passa006/data/viral_db
/lustre/BIF/nobackup/passa006/data/viral_db/U-RVDBv25.0-prot.fasta
/lustre/BIF/nobackup/passa006/data/split_ref/chr19.fasta
/lustre/BIF/nobackup/passa006/data/viral_db
/lustre/BIF/nobackup/passa006/data/viral_db/U-RVDBv25.0-prot.fasta
/lustre/BIF/nobackup/passa006/data/split_ref/chr23.fasta
/lustre/BIF/nobackup/passa006/data/viral_db
/lustre/BIF/nobackup/passa006/data/viral_db/U-RVDBv25.0-prot.fasta
/lustre/BIF/nobackup/passa006/data/split_ref/chr5.fasta
/lustre/BIF/nobackup/passa006/data/viral_db
/lustre/BIF/nobackup/passa006/data/viral_db/U-RVDBv25.0-prot.fasta
/lustre/BIF/nobackup/passa006/data/split_ref/chr13.fasta
/lustre/BIF/nobackup/passa006/data/viral_db
/lustre/BIF/nobackup/passa006/data/viral_db/U-RVDBv25.0-prot.fasta
/lustre/BIF/nobackup/passa006/data/split_ref/chrZ.fasta
/lustre/BIF/nobackup/passa006/data/viral_db
/lustre/BIF/nobackup/passa006/data/viral_db/U-RVDBv25.0-prot.fasta
/lustre/BIF/nobackup/passa006/data/split_ref/chr22.fasta
/lustre/BIF/nobackup/passa006/data/viral_db
/lustre/BIF/nobackup/passa006/data/viral_db/U-RVDBv25.0-prot.fasta
/lustre/BIF/nobackup/passa006/data/split_ref/chr30.fasta
/lustre/BIF/nobackup/passa006/data/viral_db
/lustre/BIF/nobackup/passa006/data/viral_db/U-RVDBv25.0-prot.fasta
/lustre/BIF/nobackup/passa006/data/split_ref/chr1.fasta
/lustre/BIF/nobackup/passa006/data/viral_db
/lustre/BIF/nobackup/passa006/data/viral_db/U-RVDBv25.0-prot.fasta
/lustre/BIF/nobackup/passa006/data/split_ref/chr8.fasta
/lustre/BIF/nobackup/passa006/data/viral_db
/lustre/BIF/nobackup/passa006/data/viral_db/U-RVDBv25.0-prot.fasta
/lustre/BIF/nobackup/passa006/data/split_ref/chr12.fasta
/lustre/BIF/nobackup/passa006/data/viral_db
/lustre/BIF/nobackup/passa006/data/viral_db/U-RVDBv25.0-prot.fasta
/lustre/BIF/nobackup/passa006/data/split_ref/chr7.fasta
/lustre/BIF/nobackup/passa006/data/viral_db
/lustre/BIF/nobackup/passa006/data/viral_db/U-RVDBv25.0-prot.fasta
/lustre/BIF/nobackup/passa006/data/split_ref/chr28.fasta
/lustre/BIF/nobackup/passa006/data/viral_db
/lustre/BIF/nobackup/passa006/data/viral_db/U-RVDBv25.0-prot.fasta
/lustre/BIF/nobackup/passa006/data/split_ref/chr11.fasta
/lustre/BIF/nobackup/passa006/data/viral_db
/lustre/BIF/nobackup/passa006/data/viral_db/U-RVDBv25.0-prot.fasta
/lustre/BIF/nobackup/passa006/data/split_ref/chr27.fasta
/lustre/BIF/nobackup/passa006/data/viral_db
/lustre/BIF/nobackup/passa006/data/viral_db/U-RVDBv25.0-prot.fasta
/lustre/BIF/nobackup/passa006/data/split_ref/chr24.fasta
/lustre/BIF/nobackup/passa006/data/viral_db
/lustre/BIF/nobackup/passa006/data/viral_db/U-RVDBv25.0-prot.fasta
/lustre/BIF/nobackup/passa006/data/split_ref/chr17.fasta
/lustre/BIF/nobackup/passa006/data/viral_db
/lustre/BIF/nobackup/passa006/data/viral_db/U-RVDBv25.0-prot.fasta
/lustre/BIF/nobackup/passa006/data/split_ref/chr20.fasta
/lustre/BIF/nobackup/passa006/data/viral_db
/lustre/BIF/nobackup/passa006/data/viral_db/U-RVDBv25.0-prot.fasta
/lustre/BIF/nobackup/passa006/data/split_ref/chr15.fasta
/lustre/BIF/nobackup/passa006/data/viral_db
/lustre/BIF/nobackup/passa006/data/viral_db/U-RVDBv25.0-prot.fasta
